
Microsoft Visual Studio Solution File, Format Version 12.00
# Visual Studio Version 17
VisualStudioVersion = 17.4.33122.133
MinimumVisualStudioVersion = 10.0.40219.1
Project("{8BC9CEB8-8B4A-11D0-8D11-00A0C91BC942}") = "matrix", "matrix\matrix.vcxproj", "{7D341606-9B27-4BFB-9D6C-BA1A621D7AC0}"
EndProject
Global
	GlobalSection(SolutionConfigurationPlatforms) = preSolution
		Debug|x64 = Debug|x64
		Debug|x86 = Debug|x86
		Release|x64 = Release|x64
		Release|x86 = Release|x86
	EndGlobalSection
	GlobalSection(ProjectConfigurationPlatforms) = postSolution
		{7D341606-9B27-4BFB-9D6C-BA1A621D7AC0}.Debug|x64.ActiveCfg = Debug|x64
		{7D341606-9B27-4BFB-9D6C-BA1A621D7AC0}.Debug|x64.Build.0 = Debug|x64
		{7D341606-9B27-4BFB-9D6C-BA1A621D7AC0}.Debug|x86.ActiveCfg = Debug|Win32
		{7D341606-9B27-4BFB-9D6C-BA1A621D7AC0}.Debug|x86.Build.0 = Debug|Win32
		{7D341606-9B27-4BFB-9D6C-BA1A621D7AC0}.Release|x64.ActiveCfg = Release|x64
		{7D341606-9B27-4BFB-9D6C-BA1A621D7AC0}.Release|x64.Build.0 = Release|x64
		{7D341606-9B27-4BFB-9D6C-BA1A621D7AC0}.Release|x86.ActiveCfg = Release|Win32
		{7D341606-9B27-4BFB-9D6C-BA1A621D7AC0}.Release|x86.Build.0 = Release|Win32
	EndGlobalSection
	GlobalSection(SolutionProperties) = preSolution
		HideSolutionNode = FALSE
	EndGlobalSection
	GlobalSection(ExtensibilityGlobals) = postSolution
		SolutionGuid = {7D320296-0BD7-4A41-8B3C-BCC97C57946C}
	EndGlobalSection
EndGlobal
